
Microsoft Visual Studio Solution File, Format Version 12.00
# Visual Studio Version 16
VisualStudioVersion = 16.0.32407.337
MinimumVisualStudioVersion = 10.0.40219.1
Project("{8BC9CEB8-8B4A-11D0-8D11-00A0C91BC942}") = "tiny-dnn_project", "tiny-dnn_project.vcxproj", "{184595F3-649C-4B6D-ACB8-B4BC22076C40}"
EndProject
Global
	GlobalSection(SolutionConfigurationPlatforms) = preSolution
		Debug|x64 = Debug|x64
		Debug|x86 = Debug|x86
		Release|x64 = Release|x64
		Release|x86 = Release|x86
	EndGlobalSection
	GlobalSection(ProjectConfigurationPlatforms) = postSolution
		{184595F3-649C-4B6D-ACB8-B4BC22076C40}.Debug|x64.ActiveCfg = Debug|x64
		{184595F3-649C-4B6D-ACB8-B4BC22076C40}.Debug|x64.Build.0 = Debug|x64
		{184595F3-649C-4B6D-ACB8-B4BC22076C40}.Debug|x86.ActiveCfg = Debug|Win32
		{184595F3-649C-4B6D-ACB8-B4BC22076C40}.Debug|x86.Build.0 = Debug|Win32
		{184595F3-649C-4B6D-ACB8-B4BC22076C40}.Release|x64.ActiveCfg = Release|x64
		{184595F3-649C-4B6D-ACB8-B4BC22076C40}.Release|x64.Build.0 = Release|x64
		{184595F3-649C-4B6D-ACB8-B4BC22076C40}.Release|x86.ActiveCfg = Release|Win32
		{184595F3-649C-4B6D-ACB8-B4BC22076C40}.Release|x86.Build.0 = Release|Win32
	EndGlobalSection
	GlobalSection(SolutionProperties) = preSolution
		HideSolutionNode = FALSE
	EndGlobalSection
	GlobalSection(ExtensibilityGlobals) = postSolution
		SolutionGuid = {9FB37719-BEE0-4D8F-A9FE-94F19829E4B2}
	EndGlobalSection
EndGlobal
